
Microsoft Visual Studio Solution File, Format Version 12.00
# Visual Studio Version 17
VisualStudioVersion = 17.10.35027.167
MinimumVisualStudioVersion = 10.0.40219.1
Project("{FAE04EC0-301F-11D3-BF4B-00C04F79EFBC}") = "AzureAppServiceDemoApp", "AzureAppServiceDemoApp.csproj", "{6991DEA9-FF6A-42D9-A65C-AD3AA89652AE}"
EndProject
Global
	GlobalSection(SolutionConfigurationPlatforms) = preSolution
		Debug|Any CPU = Debug|Any CPU
		Release|Any CPU = Release|Any CPU
	EndGlobalSection
	GlobalSection(ProjectConfigurationPlatforms) = postSolution
		{6991DEA9-FF6A-42D9-A65C-AD3AA89652AE}.Debug|Any CPU.ActiveCfg = Debug|Any CPU
		{6991DEA9-FF6A-42D9-A65C-AD3AA89652AE}.Debug|Any CPU.Build.0 = Debug|Any CPU
		{6991DEA9-FF6A-42D9-A65C-AD3AA89652AE}.Release|Any CPU.ActiveCfg = Release|Any CPU
		{6991DEA9-FF6A-42D9-A65C-AD3AA89652AE}.Release|Any CPU.Build.0 = Release|Any CPU
	EndGlobalSection
	GlobalSection(SolutionProperties) = preSolution
		HideSolutionNode = FALSE
	EndGlobalSection
	GlobalSection(ExtensibilityGlobals) = postSolution
		SolutionGuid = {5F97E4EE-F606-493F-B873-96210FEF542C}
	EndGlobalSection
EndGlobal
